
Microsoft Visual Studio Solution File, Format Version 12.00
# Visual Studio Version 17
VisualStudioVersion = 17.8.34330.188
MinimumVisualStudioVersion = 10.0.40219.1
Project("{2150E333-8FDC-42A3-9474-1A3956D46DE8}") = "src", "src", "{5B6C88EF-C5A0-4DCD-A0E5-5934E379AB67}"
EndProject
Project("{2150E333-8FDC-42A3-9474-1A3956D46DE8}") = "tests", "tests", "{813D99E5-C766-4BB2-AE77-A4DABF6BADD4}"
EndProject
Project("{9A19103F-16F7-4668-BE54-9A1E7A4F7556}") = "Ecommerce.Application", "src\Application\Ecommerce.Application.csproj", "{684C31D0-A4B3-417D-9B44-1E7A780C7032}"
EndProject
Project("{9A19103F-16F7-4668-BE54-9A1E7A4F7556}") = "Ecommerce.Domain", "src\Domain\Ecommerce.Domain.csproj", "{3137A117-66A8-42E9-A661-8BEE045719EB}"
EndProject
Project("{9A19103F-16F7-4668-BE54-9A1E7A4F7556}") = "Ecommerce.Infra.ORM", "src\Infra\Ecommerce.Infra.ORM.csproj", "{D60422D6-DA05-427A-860A-A32E29EFF4CD}"
EndProject
Project("{9A19103F-16F7-4668-BE54-9A1E7A4F7556}") = "DomainTests", "tests\DomainTests\DomainTests.csproj", "{4730627E-BFDC-40D3-8A14-11CE1E0249FF}"
EndProject
Project("{2150E333-8FDC-42A3-9474-1A3956D46DE8}") = "Domain", "Domain", "{7D8D52DA-C843-4872-812A-86108B0A8DF1}"
EndProject
Project("{2150E333-8FDC-42A3-9474-1A3956D46DE8}") = "API", "API", "{6354448B-1A52-478C-90DD-85FE21C617BC}"
EndProject
Project("{2150E333-8FDC-42A3-9474-1A3956D46DE8}") = "Application", "Application", "{3DC3F98C-7197-41DC-A655-E6688D1F7031}"
EndProject
Project("{2150E333-8FDC-42A3-9474-1A3956D46DE8}") = "Infra", "Infra", "{D42BD998-2111-401C-8D4E-5552B41BFCFE}"
EndProject
Project("{FAE04EC0-301F-11D3-BF4B-00C04F79EFBC}") = "Ecommerce.API", "src\API\Ecommerce.API.csproj", "{6EC169AD-FAC3-41D6-8501-9460DDE2B6EC}"
EndProject
Global
	GlobalSection(SolutionConfigurationPlatforms) = preSolution
		Debug|Any CPU = Debug|Any CPU
		Release|Any CPU = Release|Any CPU
	EndGlobalSection
	GlobalSection(ProjectConfigurationPlatforms) = postSolution
		{684C31D0-A4B3-417D-9B44-1E7A780C7032}.Debug|Any CPU.ActiveCfg = Debug|Any CPU
		{684C31D0-A4B3-417D-9B44-1E7A780C7032}.Debug|Any CPU.Build.0 = Debug|Any CPU
		{684C31D0-A4B3-417D-9B44-1E7A780C7032}.Release|Any CPU.ActiveCfg = Release|Any CPU
		{684C31D0-A4B3-417D-9B44-1E7A780C7032}.Release|Any CPU.Build.0 = Release|Any CPU
		{3137A117-66A8-42E9-A661-8BEE045719EB}.Debug|Any CPU.ActiveCfg = Debug|Any CPU
		{3137A117-66A8-42E9-A661-8BEE045719EB}.Debug|Any CPU.Build.0 = Debug|Any CPU
		{3137A117-66A8-42E9-A661-8BEE045719EB}.Release|Any CPU.ActiveCfg = Release|Any CPU
		{3137A117-66A8-42E9-A661-8BEE045719EB}.Release|Any CPU.Build.0 = Release|Any CPU
		{D60422D6-DA05-427A-860A-A32E29EFF4CD}.Debug|Any CPU.ActiveCfg = Debug|Any CPU
		{D60422D6-DA05-427A-860A-A32E29EFF4CD}.Debug|Any CPU.Build.0 = Debug|Any CPU
		{D60422D6-DA05-427A-860A-A32E29EFF4CD}.Release|Any CPU.ActiveCfg = Release|Any CPU
		{D60422D6-DA05-427A-860A-A32E29EFF4CD}.Release|Any CPU.Build.0 = Release|Any CPU
		{4730627E-BFDC-40D3-8A14-11CE1E0249FF}.Debug|Any CPU.ActiveCfg = Debug|Any CPU
		{4730627E-BFDC-40D3-8A14-11CE1E0249FF}.Debug|Any CPU.Build.0 = Debug|Any CPU
		{4730627E-BFDC-40D3-8A14-11CE1E0249FF}.Release|Any CPU.ActiveCfg = Release|Any CPU
		{4730627E-BFDC-40D3-8A14-11CE1E0249FF}.Release|Any CPU.Build.0 = Release|Any CPU
		{6EC169AD-FAC3-41D6-8501-9460DDE2B6EC}.Debug|Any CPU.ActiveCfg = Debug|Any CPU
		{6EC169AD-FAC3-41D6-8501-9460DDE2B6EC}.Debug|Any CPU.Build.0 = Debug|Any CPU
		{6EC169AD-FAC3-41D6-8501-9460DDE2B6EC}.Release|Any CPU.ActiveCfg = Release|Any CPU
		{6EC169AD-FAC3-41D6-8501-9460DDE2B6EC}.Release|Any CPU.Build.0 = Release|Any CPU
	EndGlobalSection
	GlobalSection(SolutionProperties) = preSolution
		HideSolutionNode = FALSE
	EndGlobalSection
	GlobalSection(NestedProjects) = preSolution
		{684C31D0-A4B3-417D-9B44-1E7A780C7032} = {3DC3F98C-7197-41DC-A655-E6688D1F7031}
		{3137A117-66A8-42E9-A661-8BEE045719EB} = {7D8D52DA-C843-4872-812A-86108B0A8DF1}
		{D60422D6-DA05-427A-860A-A32E29EFF4CD} = {D42BD998-2111-401C-8D4E-5552B41BFCFE}
		{4730627E-BFDC-40D3-8A14-11CE1E0249FF} = {813D99E5-C766-4BB2-AE77-A4DABF6BADD4}
		{7D8D52DA-C843-4872-812A-86108B0A8DF1} = {5B6C88EF-C5A0-4DCD-A0E5-5934E379AB67}
		{6354448B-1A52-478C-90DD-85FE21C617BC} = {5B6C88EF-C5A0-4DCD-A0E5-5934E379AB67}
		{3DC3F98C-7197-41DC-A655-E6688D1F7031} = {5B6C88EF-C5A0-4DCD-A0E5-5934E379AB67}
		{D42BD998-2111-401C-8D4E-5552B41BFCFE} = {5B6C88EF-C5A0-4DCD-A0E5-5934E379AB67}
		{6EC169AD-FAC3-41D6-8501-9460DDE2B6EC} = {6354448B-1A52-478C-90DD-85FE21C617BC}
	EndGlobalSection
	GlobalSection(ExtensibilityGlobals) = postSolution
		SolutionGuid = {BF3BF4CF-A0B1-4335-9736-9F13E0E19B1C}
	EndGlobalSection
EndGlobal
